
Microsoft Visual Studio Solution File, Format Version 12.00
# Visual Studio Version 16
VisualStudioVersion = 16.0.34931.43
MinimumVisualStudioVersion = 10.0.40219.1
Project("{FAE04EC0-301F-11D3-BF4B-00C04F79EFBC}") = "FruitKart", "FruitKart\FruitKart.csproj", "{DC57C071-B985-4C63-A934-E3ADCDF268E6}"
EndProject
Global
	GlobalSection(SolutionConfigurationPlatforms) = preSolution
		Debug|Any CPU = Debug|Any CPU
		Release|Any CPU = Release|Any CPU
	EndGlobalSection
	GlobalSection(ProjectConfigurationPlatforms) = postSolution
		{DC57C071-B985-4C63-A934-E3ADCDF268E6}.Debug|Any CPU.ActiveCfg = Debug|Any CPU
		{DC57C071-B985-4C63-A934-E3ADCDF268E6}.Debug|Any CPU.Build.0 = Debug|Any CPU
		{DC57C071-B985-4C63-A934-E3ADCDF268E6}.Release|Any CPU.ActiveCfg = Release|Any CPU
		{DC57C071-B985-4C63-A934-E3ADCDF268E6}.Release|Any CPU.Build.0 = Release|Any CPU
	EndGlobalSection
	GlobalSection(SolutionProperties) = preSolution
		HideSolutionNode = FALSE
	EndGlobalSection
	GlobalSection(ExtensibilityGlobals) = postSolution
		SolutionGuid = {A08CA0A6-FAA1-4DA1-846B-7FA632D326EF}
	EndGlobalSection
EndGlobal
